
Microsoft Visual Studio Solution File, Format Version 12.00
# Visual Studio Version 16
VisualStudioVersion = 16.0.30204.135
MinimumVisualStudioVersion = 10.0.40219.1
Project("{9A19103F-16F7-4668-BE54-9A1E7A4F7556}") = "Febris.EnumLibrary", "Febris.EnumLibrary.csproj", "{B2B283E6-A504-425B-8706-1B2F569DCECD}"
EndProject
Global
	GlobalSection(SolutionConfigurationPlatforms) = preSolution
		Debug|Any CPU = Debug|Any CPU
		Release|Any CPU = Release|Any CPU
	EndGlobalSection
	GlobalSection(ProjectConfigurationPlatforms) = postSolution
		{B2B283E6-A504-425B-8706-1B2F569DCECD}.Debug|Any CPU.ActiveCfg = Debug|Any CPU
		{B2B283E6-A504-425B-8706-1B2F569DCECD}.Debug|Any CPU.Build.0 = Debug|Any CPU
		{B2B283E6-A504-425B-8706-1B2F569DCECD}.Release|Any CPU.ActiveCfg = Release|Any CPU
		{B2B283E6-A504-425B-8706-1B2F569DCECD}.Release|Any CPU.Build.0 = Release|Any CPU
	EndGlobalSection
	GlobalSection(SolutionProperties) = preSolution
		HideSolutionNode = FALSE
	EndGlobalSection
	GlobalSection(ExtensibilityGlobals) = postSolution
		VisualSVNWorkingCopyRoot = .
		SolutionGuid = {88EFF11A-F4AE-4023-9899-EB10B0458639}
	EndGlobalSection
EndGlobal
